PODS:
  - CocoaLumberjack (2.2.0):
    - CocoaLumberjack/Default (= 2.2.0)
    - CocoaLumberjack/Extensions (= 2.2.0)
  - CocoaLumberjack/Core (2.2.0)
  - CocoaLumberjack/Default (2.2.0):
    - CocoaLumberjack/Core
  - CocoaLumberjack/Extensions (2.2.0):
    - CocoaLumberjack/Default
  - FBSnapshotTestCase (2.0.7):
    - FBSnapshotTestCase/SwiftSupport (= 2.0.7)
  - FBSnapshotTestCase/Core (2.0.7)
  - FBSnapshotTestCase/SwiftSupport (2.0.7):
    - FBSnapshotTestCase/Core
  - GCDWebServer/CocoaLumberjack (3.3.1):
    - CocoaLumberjack (~> 2)
    - GCDWebServer/Core
  - GCDWebServer/Core (3.3.1)
  - GCDWebServer/WebDAV (3.3.1):
    - GCDWebServer/WebDAV/Core (= 3.3.1)
  - GCDWebServer/WebDAV/CocoaLumberjack (3.3.1):
    - GCDWebServer/CocoaLumberjack
    - GCDWebServer/WebDAV/Core
  - GCDWebServer/WebDAV/Core (3.3.1):
    - GCDWebServer/Core
  - Kiwi (2.4.0)
  - StylingKit/Cloud/Main (0.3.0):
    - GCDWebServer/WebDAV (~> 3)
    - StylingKit/Main
  - StylingKit/Cloud/WithLogging (0.3.0):
    - GCDWebServer/WebDAV/CocoaLumberjack (~> 3)
    - StylingKit/Cloud/Main
    - StylingKit/WithLogging
  - StylingKit/Freestyle (0.3.0)
  - StylingKit/Main (0.3.0):
    - StylingKit/Freestyle
  - StylingKit/WithLogging (0.3.0):
    - CocoaLumberjack (~> 2)
    - StylingKit/Main
  - StylingKitThemes/blue/css (0.1.0):
    - StylingKitThemes/Core
    - StylingKitThemes/icons
  - StylingKitThemes/Core (0.1.0)
  - StylingKitThemes/icons (0.1.0)

DEPENDENCIES:
  - FBSnapshotTestCase
  - Kiwi
  - StylingKit/Cloud/WithLogging (from `../`)
  - StylingKitThemes/blue/css (from `./themes`)

EXTERNAL SOURCES:
  StylingKit:
    :path: "../"
  StylingKitThemes:
    :path: "./themes"

SPEC CHECKSUMS:
  CocoaLumberjack: 17fe8581f84914d5d7e6360f7c70022b173c3ae0
  FBSnapshotTestCase: 7e85180d0d141a0cf472352edda7e80d7eaeb547
  GCDWebServer: 852ed5c1056df2f1ab3b32ec54a81d9730bd227f
  Kiwi: f49c9d54b28917df5928fe44968a39ed198cb8a8
  StylingKit: fd7d1e424d2a258a953eadeac8682b126e6af49d
  StylingKitThemes: 0774b5f1a6f31a526229e25b4c5eaaf5d8d32952

COCOAPODS: 0.39.0
