PODS:
  - CocoaLumberjack (2.2.0):
    - CocoaLumberjack/Default (= 2.2.0)
    - CocoaLumberjack/Extensions (= 2.2.0)
  - CocoaLumberjack/Core (2.2.0)
  - CocoaLumberjack/Default (2.2.0):
    - CocoaLumberjack/Core
  - CocoaLumberjack/Extensions (2.2.0):
    - CocoaLumberjack/Default
  - FBSnapshotTestCase (2.0.7):
    - FBSnapshotTestCase/SwiftSupport (= 2.0.7)
  - FBSnapshotTestCase/Core (2.0.7)
  - FBSnapshotTestCase/SwiftSupport (2.0.7):
    - FBSnapshotTestCase/Core
  - Kiwi (2.4.0)
  - StylingKit/All (0.2.0):
    - StylingKit/Freestyle
  - StylingKit/Freestyle (0.2.0)
  - StylingKit/WithLogging (0.2.0):
    - CocoaLumberjack (~> 2.2.0)
    - StylingKit/All

DEPENDENCIES:
  - FBSnapshotTestCase
  - Kiwi
  - StylingKit/WithLogging (from `../`)

EXTERNAL SOURCES:
  StylingKit:
    :path: "../"

SPEC CHECKSUMS:
  CocoaLumberjack: 17fe8581f84914d5d7e6360f7c70022b173c3ae0
  FBSnapshotTestCase: 7e85180d0d141a0cf472352edda7e80d7eaeb547
  Kiwi: f49c9d54b28917df5928fe44968a39ed198cb8a8
  StylingKit: 9d1a0cc15743f23848716b6234eb9d1c158faa5d

COCOAPODS: 0.39.0
