PODS:
  - FBSnapshotTestCase (2.0.7):
    - FBSnapshotTestCase/SwiftSupport (= 2.0.7)
  - FBSnapshotTestCase/Core (2.0.7)
  - FBSnapshotTestCase/SwiftSupport (2.0.7):
    - FBSnapshotTestCase/Core
  - GCDWebServer/Core (3.3)
  - GCDWebServer/WebDAV (3.3):
    - GCDWebServer/Core
  - Kiwi (2.4.0)
  - StylingKit/Cloud (0.3.0):
    - StylingKit/Cloud/Main (= 0.3.0)
  - StylingKit/Cloud/Main (0.3.0):
    - GCDWebServer/WebDAV (~> 3)
    - StylingKit/Main
  - StylingKit/Freestyle (0.3.0)
  - StylingKit/Main (0.3.0):
    - StylingKit/Freestyle

DEPENDENCIES:
  - FBSnapshotTestCase
  - Kiwi
  - StylingKit/Cloud (from `../`)

EXTERNAL SOURCES:
  StylingKit:
    :path: "../"

SPEC CHECKSUMS:
  FBSnapshotTestCase: 7e85180d0d141a0cf472352edda7e80d7eaeb547
  GCDWebServer: 106463756391d814b6f506927bee0d6a75a0b427
  Kiwi: f49c9d54b28917df5928fe44968a39ed198cb8a8
  StylingKit: c51d1a2f3ef44059a31a7dc66613382a259cf6b0

COCOAPODS: 0.39.0
